// !$*UTF8*$!
{
	archiveVersion = 1;
	classes = {
	};
	objectVersion = 46;
	objects = {

/* Begin PBXBuildFile section */
		7D0D51A01A5E0FA0008FD65F /* ProfileConsoleViewController.swift in Sources */ = {isa = PBXBuildFile; fileRef = 7D0D519F1A5E0FA0008FD65F /* ProfileConsoleViewController.swift */; };
		7D0D51AC1A5F4848008FD65F /* ENSideMenu.swift in Sources */ = {isa = PBXBuildFile; fileRef = 7D0D51AA1A5F4848008FD65F /* ENSideMenu.swift */; };
		7D0D51AD1A5F4848008FD65F /* ENSideMenuNavigationController.swift in Sources */ = {isa = PBXBuildFile; fileRef = 7D0D51AB1A5F4848008FD65F /* ENSideMenuNavigationController.swift */; };
		7D334D4F1A605FD8006F10AE /* MainViewController.swift in Sources */ = {isa = PBXBuildFile; fileRef = 7D334D4E1A605FD8006F10AE /* MainViewController.swift */; };
		7DBDB4CE1A5F4CB70040DFE0 /* AvatarCell.swift in Sources */ = {isa = PBXBuildFile; fileRef = 7DBDB4CC1A5F4CB70040DFE0 /* AvatarCell.swift */; };
		7DBDB4CF1A5F4CB70040DFE0 /* AvatarCell.xib in Resources */ = {isa = PBXBuildFile; fileRef = 7DBDB4CD1A5F4CB70040DFE0 /* AvatarCell.xib */; };
		7DBDB4D11A5F4D7B0040DFE0 /* MyNavigationController.swift in Sources */ = {isa = PBXBuildFile; fileRef = 7DBDB4D01A5F4D7B0040DFE0 /* MyNavigationController.swift */; };
		7DD0BA681A5C867C00DDB3A8 /* AppDelegate.swift in Sources */ = {isa = PBXBuildFile; fileRef = 7DD0BA671A5C867C00DDB3A8 /* AppDelegate.swift */; };
		7DD0BA6A1A5C867C00DDB3A8 /* RootViewController.swift in Sources */ = {isa = PBXBuildFile; fileRef = 7DD0BA691A5C867C00DDB3A8 /* RootViewController.swift */; };
		7DD0BA6D1A5C867C00DDB3A8 /* Main.storyboard in Resources */ = {isa = PBXBuildFile; fileRef = 7DD0BA6B1A5C867C00DDB3A8 /* Main.storyboard */; };
		7DD0BA6F1A5C867C00DDB3A8 /* Images.xcassets in Resources */ = {isa = PBXBuildFile; fileRef = 7DD0BA6E1A5C867C00DDB3A8 /* Images.xcassets */; };
		7DD0BA721A5C867C00DDB3A8 /* LaunchScreen.xib in Resources */ = {isa = PBXBuildFile; fileRef = 7DD0BA701A5C867C00DDB3A8 /* LaunchScreen.xib */; };
		7DD0BA7E1A5C867C00DDB3A8 /* WYDTests.swift in Sources */ = {isa = PBXBuildFile; fileRef = 7DD0BA7D1A5C867C00DDB3A8 /* WYDTests.swift */; };
		7DD0BA8D1A5C869700DDB3A8 /* Bolts.framework in Frameworks */ = {isa = PBXBuildFile; fileRef = 7DD0BA881A5C869600DDB3A8 /* Bolts.framework */; };
		7DD0BA8E1A5C869700DDB3A8 /* Parse.framework in Frameworks */ = {isa = PBXBuildFile; fileRef = 7DD0BA891A5C869700DDB3A8 /* Parse.framework */; };
		7DD0BA8F1A5C869700DDB3A8 /* ParseCrashReporting.framework in Frameworks */ = {isa = PBXBuildFile; fileRef = 7DD0BA8A1A5C869700DDB3A8 /* ParseCrashReporting.framework */; };
		7DD0BA901A5C869700DDB3A8 /* ParseFacebookUtils.framework in Frameworks */ = {isa = PBXBuildFile; fileRef = 7DD0BA8B1A5C869700DDB3A8 /* ParseFacebookUtils.framework */; };
		7DD0BA911A5C869700DDB3A8 /* ParseUI.framework in Frameworks */ = {isa = PBXBuildFile; fileRef = 7DD0BA8C1A5C869700DDB3A8 /* ParseUI.framework */; };
		7DD0BA931A5C86BC00DDB3A8 /* libsqlite3.dylib in Frameworks */ = {isa = PBXBuildFile; fileRef = 7DD0BA921A5C86BC00DDB3A8 /* libsqlite3.dylib */; };
		7DD0BA951A5C86C300DDB3A8 /* libz.dylib in Frameworks */ = {isa = PBXBuildFile; fileRef = 7DD0BA941A5C86C300DDB3A8 /* libz.dylib */; };
		7DD0BA971A5C86CC00DDB3A8 /* SystemConfiguration.framework in Frameworks */ = {isa = PBXBuildFile; fileRef = 7DD0BA961A5C86CC00DDB3A8 /* SystemConfiguration.framework */; };
		7DD0BA991A5C86D400DDB3A8 /* StoreKit.framework in Frameworks */ = {isa = PBXBuildFile; fileRef = 7DD0BA981A5C86D400DDB3A8 /* StoreKit.framework */; };
		7DD0BA9B1A5C86D900DDB3A8 /* Social.framework in Frameworks */ = {isa = PBXBuildFile; fileRef = 7DD0BA9A1A5C86D900DDB3A8 /* Social.framework */; };
		7DD0BA9D1A5C86E000DDB3A8 /* Security.framework in Frameworks */ = {isa = PBXBuildFile; fileRef = 7DD0BA9C1A5C86E000DDB3A8 /* Security.framework */; };
		7DD0BA9F1A5C86E600DDB3A8 /* QuartzCore.framework in Frameworks */ = {isa = PBXBuildFile; fileRef = 7DD0BA9E1A5C86E600DDB3A8 /* QuartzCore.framework */; };
		7DD0BAA11A5C86ED00DDB3A8 /* MobileCoreServices.framework in Frameworks */ = {isa = PBXBuildFile; fileRef = 7DD0BAA01A5C86ED00DDB3A8 /* MobileCoreServices.framework */; };
		7DD0BAA31A5C86F300DDB3A8 /* CoreLocation.framework in Frameworks */ = {isa = PBXBuildFile; fileRef = 7DD0BAA21A5C86F300DDB3A8 /* CoreLocation.framework */; };
		7DD0BAA51A5C86FA00DDB3A8 /* CFNetwork.framework in Frameworks */ = {isa = PBXBuildFile; fileRef = 7DD0BAA41A5C86FA00DDB3A8 /* CFNetwork.framework */; };
		7DD0BAA71A5C870400DDB3A8 /* AudioToolbox.framework in Frameworks */ = {isa = PBXBuildFile; fileRef = 7DD0BAA61A5C870400DDB3A8 /* AudioToolbox.framework */; };
		7DD0BAA91A5C870900DDB3A8 /* Accounts.framework in Frameworks */ = {isa = PBXBuildFile; fileRef = 7DD0BAA81A5C870900DDB3A8 /* Accounts.framework */; };
/* End PBXBuildFile section */

/* Begin PBXContainerItemProxy section */
		7DD0BA781A5C867C00DDB3A8 /* PBXContainerItemProxy */ = {
			isa = PBXContainerItemProxy;
			containerPortal = 7DD0BA5A1A5C867C00DDB3A8 /* Project object */;
			proxyType = 1;
			remoteGlobalIDString = 7DD0BA611A5C867C00DDB3A8;
			remoteInfo = WYD;
		};
/* End PBXContainerItemProxy section */

/* Begin PBXFileReference section */
		7D0D519F1A5E0FA0008FD65F /* ProfileConsoleViewController.swift */ = {isa = PBXFileReference; fileEncoding = 4; lastKnownFileType = sourcecode.swift; path = ProfileConsoleViewController.swift; sourceTree = "<group>"; };
		7D0D51AA1A5F4848008FD65F /* ENSideMenu.swift */ = {isa = PBXFileReference; fileEncoding = 4; lastKnownFileType = sourcecode.swift; name = ENSideMenu.swift; path = "../../../Downloads/ENSwiftSideMenu-master/Library/ENSideMenu.swift"; sourceTree = "<group>"; };
		7D0D51AB1A5F4848008FD65F /* ENSideMenuNavigationController.swift */ = {isa = PBXFileReference; fileEncoding = 4; lastKnownFileType = sourcecode.swift; name = ENSideMenuNavigationController.swift; path = "../../../Downloads/ENSwiftSideMenu-master/Library/ENSideMenuNavigationController.swift"; sourceTree = "<group>"; };
		7D334D4E1A605FD8006F10AE /* MainViewController.swift */ = {isa = PBXFileReference; fileEncoding = 4; lastKnownFileType = sourcecode.swift; path = MainViewController.swift; sourceTree = "<group>"; };
		7DBDB4CC1A5F4CB70040DFE0 /* AvatarCell.swift */ = {isa = PBXFileReference; fileEncoding = 4; lastKnownFileType = sourcecode.swift; name = AvatarCell.swift; path = ../AvatarCell.swift; sourceTree = "<group>"; };
		7DBDB4CD1A5F4CB70040DFE0 /* AvatarCell.xib */ = {isa = PBXFileReference; fileEncoding = 4; lastKnownFileType = file.xib; name = AvatarCell.xib; path = ../AvatarCell.xib; sourceTree = "<group>"; };
		7DBDB4D01A5F4D7B0040DFE0 /* MyNavigationController.swift */ = {isa = PBXFileReference; fileEncoding = 4; lastKnownFileType = sourcecode.swift; name = MyNavigationController.swift; path = "../../../../Downloads/ENSwiftSideMenu-master/Example/SwiftSideMenu/MyNavigationController.swift"; sourceTree = "<group>"; };
		7DD0BA621A5C867C00DDB3A8 /* WYD.app */ = {isa = PBXFileReference; explicitFileType = wrapper.application; includeInIndex = 0; path = WYD.app; sourceTree = BUILT_PRODUCTS_DIR; };
		7DD0BA661A5C867C00DDB3A8 /* Info.plist */ = {isa = PBXFileReference; lastKnownFileType = text.plist.xml; path = Info.plist; sourceTree = "<group>"; };
		7DD0BA671A5C867C00DDB3A8 /* AppDelegate.swift */ = {isa = PBXFileReference; lastKnownFileType = sourcecode.swift; path = AppDelegate.swift; sourceTree = "<group>"; };
		7DD0BA691A5C867C00DDB3A8 /* RootViewController.swift */ = {isa = PBXFileReference; lastKnownFileType = sourcecode.swift; path = RootViewController.swift; sourceTree = "<group>"; };
		7DD0BA6C1A5C867C00DDB3A8 /* Base */ = {isa = PBXFileReference; lastKnownFileType = file.storyboard; name = Base; path = Base.lproj/Main.storyboard; sourceTree = "<group>"; };
		7DD0BA6E1A5C867C00DDB3A8 /* Images.xcassets */ = {isa = PBXFileReference; lastKnownFileType = folder.assetcatalog; path = Images.xcassets; sourceTree = "<group>"; };
		7DD0BA711A5C867C00DDB3A8 /* Base */ = {isa = PBXFileReference; lastKnownFileType = file.xib; name = Base; path = Base.lproj/LaunchScreen.xib; sourceTree = "<group>"; };
		7DD0BA771A5C867C00DDB3A8 /* WYDTests.xctest */ = {isa = PBXFileReference; explicitFileType = wrapper.cfbundle; includeInIndex = 0; path = WYDTests.xctest; sourceTree = BUILT_PRODUCTS_DIR; };
		7DD0BA7C1A5C867C00DDB3A8 /* Info.plist */ = {isa = PBXFileReference; lastKnownFileType = text.plist.xml; path = Info.plist; sourceTree = "<group>"; };
		7DD0BA7D1A5C867C00DDB3A8 /* WYDTests.swift */ = {isa = PBXFileReference; lastKnownFileType = sourcecode.swift; path = WYDTests.swift; sourceTree = "<group>"; };
		7DD0BA881A5C869600DDB3A8 /* Bolts.framework */ = {isa = PBXFileReference; lastKnownFileType = wrapper.framework; name = Bolts.framework; path = "../../../Downloads/parse-library-1.6.1/Bolts.framework"; sourceTree = "<group>"; };
		7DD0BA891A5C869700DDB3A8 /* Parse.framework */ = {isa = PBXFileReference; lastKnownFileType = wrapper.framework; name = Parse.framework; path = "../../../Downloads/parse-library-1.6.1/Parse.framework"; sourceTree = "<group>"; };
		7DD0BA8A1A5C869700DDB3A8 /* ParseCrashReporting.framework */ = {isa = PBXFileReference; lastKnownFileType = wrapper.framework; name = ParseCrashReporting.framework; path = "../../../Downloads/parse-library-1.6.1/ParseCrashReporting.framework"; sourceTree = "<group>"; };
		7DD0BA8B1A5C869700DDB3A8 /* ParseFacebookUtils.framework */ = {isa = PBXFileReference; lastKnownFileType = wrapper.framework; name = ParseFacebookUtils.framework; path = "../../../Downloads/parse-library-1.6.1/ParseFacebookUtils.framework"; sourceTree = "<group>"; };
		7DD0BA8C1A5C869700DDB3A8 /* ParseUI.framework */ = {isa = PBXFileReference; lastKnownFileType = wrapper.framework; name = ParseUI.framework; path = "../../../Downloads/parse-library-1.6.1/ParseUI.framework"; sourceTree = "<group>"; };
		7DD0BA921A5C86BC00DDB3A8 /* libsqlite3.dylib */ = {isa = PBXFileReference; lastKnownFileType = "compiled.mach-o.dylib"; name = libsqlite3.dylib; path = usr/lib/libsqlite3.dylib; sourceTree = SDKROOT; };
		7DD0BA941A5C86C300DDB3A8 /* libz.dylib */ = {isa = PBXFileReference; lastKnownFileType = "compiled.mach-o.dylib"; name = libz.dylib; path = usr/lib/libz.dylib; sourceTree = SDKROOT; };
		7DD0BA961A5C86CC00DDB3A8 /* SystemConfiguration.framework */ = {isa = PBXFileReference; lastKnownFileType = wrapper.framework; name = SystemConfiguration.framework; path = System/Library/Frameworks/SystemConfiguration.framework; sourceTree = SDKROOT; };
		7DD0BA981A5C86D400DDB3A8 /* StoreKit.framework */ = {isa = PBXFileReference; lastKnownFileType = wrapper.framework; name = StoreKit.framework; path = System/Library/Frameworks/StoreKit.framework; sourceTree = SDKROOT; };
		7DD0BA9A1A5C86D900DDB3A8 /* Social.framework */ = {isa = PBXFileReference; lastKnownFileType = wrapper.framework; name = Social.framework; path = System/Library/Frameworks/Social.framework; sourceTree = SDKROOT; };
		7DD0BA9C1A5C86E000DDB3A8 /* Security.framework */ = {isa = PBXFileReference; lastKnownFileType = wrapper.framework; name = Security.framework; path = System/Library/Frameworks/Security.framework; sourceTree = SDKROOT; };
		7DD0BA9E1A5C86E600DDB3A8 /* QuartzCore.framework */ = {isa = PBXFileReference; lastKnownFileType = wrapper.framework; name = QuartzCore.framework; path = System/Library/Frameworks/QuartzCore.framework; sourceTree = SDKROOT; };
		7DD0BAA01A5C86ED00DDB3A8 /* MobileCoreServices.framework */ = {isa = PBXFileReference; lastKnownFileType = wrapper.framework; name = MobileCoreServices.framework; path = System/Library/Frameworks/MobileCoreServices.framework; sourceTree = SDKROOT; };
		7DD0BAA21A5C86F300DDB3A8 /* CoreLocation.framework */ = {isa = PBXFileReference; lastKnownFileType = wrapper.framework; name = CoreLocation.framework; path = System/Library/Frameworks/CoreLocation.framework; sourceTree = SDKROOT; };
		7DD0BAA41A5C86FA00DDB3A8 /* CFNetwork.framework */ = {isa = PBXFileReference; lastKnownFileType = wrapper.framework; name = CFNetwork.framework; path = System/Library/Frameworks/CFNetwork.framework; sourceTree = SDKROOT; };
		7DD0BAA61A5C870400DDB3A8 /* AudioToolbox.framework */ = {isa = PBXFileReference; lastKnownFileType = wrapper.framework; name = AudioToolbox.framework; path = System/Library/Frameworks/AudioToolbox.framework; sourceTree = SDKROOT; };
		7DD0BAA81A5C870900DDB3A8 /* Accounts.framework */ = {isa = PBXFileReference; lastKnownFileType = wrapper.framework; name = Accounts.framework; path = System/Library/Frameworks/Accounts.framework; sourceTree = SDKROOT; };
		7DD0BAAA1A5C87CB00DDB3A8 /* WYD-Bridging-Header.h */ = {isa = PBXFileReference; lastKnownFileType = sourcecode.c.h; path = "WYD-Bridging-Header.h"; sourceTree = "<group>"; };
/* End PBXFileReference section */

/* Begin PBXFrameworksBuildPhase section */
		7DD0BA5F1A5C867C00DDB3A8 /* Frameworks */ = {
			isa = PBXFrameworksBuildPhase;
			buildActionMask = 2147483647;
			files = (
				7DD0BAA91A5C870900DDB3A8 /* Accounts.framework in Frameworks */,
				7DD0BAA71A5C870400DDB3A8 /* AudioToolbox.framework in Frameworks */,
				7DD0BAA51A5C86FA00DDB3A8 /* CFNetwork.framework in Frameworks */,
				7DD0BAA31A5C86F300DDB3A8 /* CoreLocation.framework in Frameworks */,
				7DD0BAA11A5C86ED00DDB3A8 /* MobileCoreServices.framework in Frameworks */,
				7DD0BA9F1A5C86E600DDB3A8 /* QuartzCore.framework in Frameworks */,
				7DD0BA9D1A5C86E000DDB3A8 /* Security.framework in Frameworks */,
				7DD0BA9B1A5C86D900DDB3A8 /* Social.framework in Frameworks */,
				7DD0BA991A5C86D400DDB3A8 /* StoreKit.framework in Frameworks */,
				7DD0BA971A5C86CC00DDB3A8 /* SystemConfiguration.framework in Frameworks */,
				7DD0BA951A5C86C300DDB3A8 /* libz.dylib in Frameworks */,
				7DD0BA931A5C86BC00DDB3A8 /* libsqlite3.dylib in Frameworks */,
				7DD0BA8E1A5C869700DDB3A8 /* Parse.framework in Frameworks */,
				7DD0BA8F1A5C869700DDB3A8 /* ParseCrashReporting.framework in Frameworks */,
				7DD0BA911A5C869700DDB3A8 /* ParseUI.framework in Frameworks */,
				7DD0BA901A5C869700DDB3A8 /* ParseFacebookUtils.framework in Frameworks */,
				7DD0BA8D1A5C869700DDB3A8 /* Bolts.framework in Frameworks */,
			);
			runOnlyForDeploymentPostprocessing = 0;
		};
		7DD0BA741A5C867C00DDB3A8 /* Frameworks */ = {
			isa = PBXFrameworksBuildPhase;
			buildActionMask = 2147483647;
			files = (
			);
			runOnlyForDeploymentPostprocessing = 0;
		};
/* End PBXFrameworksBuildPhase section */

/* Begin PBXGroup section */
		7D0D51A71A5F4772008FD65F /* Controllers */ = {
			isa = PBXGroup;
			children = (
				7DD0BA691A5C867C00DDB3A8 /* RootViewController.swift */,
				7DBDB4D01A5F4D7B0040DFE0 /* MyNavigationController.swift */,
				7D334D4E1A605FD8006F10AE /* MainViewController.swift */,
				7D0D519F1A5E0FA0008FD65F /* ProfileConsoleViewController.swift */,
			);
			name = Controllers;
			sourceTree = "<group>";
		};
		7D0D51A81A5F477E008FD65F /* Views */ = {
			isa = PBXGroup;
			children = (
				7DBDB4CC1A5F4CB70040DFE0 /* AvatarCell.swift */,
			);
			name = Views;
			sourceTree = "<group>";
		};
		7D0D51A91A5F4826008FD65F /* Libraries */ = {
			isa = PBXGroup;
			children = (
				7D0D51AA1A5F4848008FD65F /* ENSideMenu.swift */,
				7D0D51AB1A5F4848008FD65F /* ENSideMenuNavigationController.swift */,
			);
			name = Libraries;
			sourceTree = "<group>";
		};
		7DD0BA591A5C867C00DDB3A8 = {
			isa = PBXGroup;
			children = (
				7D0D51A91A5F4826008FD65F /* Libraries */,
				7DD0BA871A5C868500DDB3A8 /* Frameworks */,
				7DD0BA641A5C867C00DDB3A8 /* WYD */,
				7DD0BA7A1A5C867C00DDB3A8 /* WYDTests */,
				7DD0BA631A5C867C00DDB3A8 /* Products */,
			);
			sourceTree = "<group>";
		};
		7DD0BA631A5C867C00DDB3A8 /* Products */ = {
			isa = PBXGroup;
			children = (
				7DD0BA621A5C867C00DDB3A8 /* WYD.app */,
				7DD0BA771A5C867C00DDB3A8 /* WYDTests.xctest */,
			);
			name = Products;
			sourceTree = "<group>";
		};
		7DD0BA641A5C867C00DDB3A8 /* WYD */ = {
			isa = PBXGroup;
			children = (
				7DD0BA671A5C867C00DDB3A8 /* AppDelegate.swift */,
				7D0D51A81A5F477E008FD65F /* Views */,
				7D0D51A71A5F4772008FD65F /* Controllers */,
				7DD0BA6B1A5C867C00DDB3A8 /* Main.storyboard */,
				7DBDB4CD1A5F4CB70040DFE0 /* AvatarCell.xib */,
				7DD0BA701A5C867C00DDB3A8 /* LaunchScreen.xib */,
				7DD0BA6E1A5C867C00DDB3A8 /* Images.xcassets */,
				7DD0BA651A5C867C00DDB3A8 /* Supporting Files */,
				7DD0BAAA1A5C87CB00DDB3A8 /* WYD-Bridging-Header.h */,
			);
			path = WYD;
			sourceTree = "<group>";
		};
		7DD0BA651A5C867C00DDB3A8 /* Supporting Files */ = {
			isa = PBXGroup;
			children = (
				7DD0BA661A5C867C00DDB3A8 /* Info.plist */,
			);
			name = "Supporting Files";
			sourceTree = "<group>";
		};
		7DD0BA7A1A5C867C00DDB3A8 /* WYDTests */ = {
			isa = PBXGroup;
			children = (
				7DD0BA7D1A5C867C00DDB3A8 /* WYDTests.swift */,
				7DD0BA7B1A5C867C00DDB3A8 /* Supporting Files */,
			);
			path = WYDTests;
			sourceTree = "<group>";
		};
		7DD0BA7B1A5C867C00DDB3A8 /* Supporting Files */ = {
			isa = PBXGroup;
			children = (
				7DD0BA7C1A5C867C00DDB3A8 /* Info.plist */,
			);
			name = "Supporting Files";
			sourceTree = "<group>";
		};
		7DD0BA871A5C868500DDB3A8 /* Frameworks */ = {
			isa = PBXGroup;
			children = (
				7DD0BAA81A5C870900DDB3A8 /* Accounts.framework */,
				7DD0BAA61A5C870400DDB3A8 /* AudioToolbox.framework */,
				7DD0BAA41A5C86FA00DDB3A8 /* CFNetwork.framework */,
				7DD0BAA21A5C86F300DDB3A8 /* CoreLocation.framework */,
				7DD0BAA01A5C86ED00DDB3A8 /* MobileCoreServices.framework */,
				7DD0BA9E1A5C86E600DDB3A8 /* QuartzCore.framework */,
				7DD0BA9C1A5C86E000DDB3A8 /* Security.framework */,
				7DD0BA9A1A5C86D900DDB3A8 /* Social.framework */,
				7DD0BA981A5C86D400DDB3A8 /* StoreKit.framework */,
				7DD0BA961A5C86CC00DDB3A8 /* SystemConfiguration.framework */,
				7DD0BA941A5C86C300DDB3A8 /* libz.dylib */,
				7DD0BA921A5C86BC00DDB3A8 /* libsqlite3.dylib */,
				7DD0BA881A5C869600DDB3A8 /* Bolts.framework */,
				7DD0BA891A5C869700DDB3A8 /* Parse.framework */,
				7DD0BA8A1A5C869700DDB3A8 /* ParseCrashReporting.framework */,
				7DD0BA8B1A5C869700DDB3A8 /* ParseFacebookUtils.framework */,
				7DD0BA8C1A5C869700DDB3A8 /* ParseUI.framework */,
			);
			name = Frameworks;
			sourceTree = "<group>";
		};
/* End PBXGroup section */

/* Begin PBXNativeTarget section */
		7DD0BA611A5C867C00DDB3A8 /* WYD */ = {
			isa = PBXNativeTarget;
			buildConfigurationList = 7DD0BA811A5C867C00DDB3A8 /* Build configuration list for PBXNativeTarget "WYD" */;
			buildPhases = (
				7DD0BA5E1A5C867C00DDB3A8 /* Sources */,
				7DD0BA5F1A5C867C00DDB3A8 /* Frameworks */,
				7DD0BA601A5C867C00DDB3A8 /* Resources */,
			);
			buildRules = (
			);
			dependencies = (
			);
			name = WYD;
			productName = WYD;
			productReference = 7DD0BA621A5C867C00DDB3A8 /* WYD.app */;
			productType = "com.apple.product-type.application";
		};
		7DD0BA761A5C867C00DDB3A8 /* WYDTests */ = {
			isa = PBXNativeTarget;
			buildConfigurationList = 7DD0BA841A5C867C00DDB3A8 /* Build configuration list for PBXNativeTarget "WYDTests" */;
			buildPhases = (
				7DD0BA731A5C867C00DDB3A8 /* Sources */,
				7DD0BA741A5C867C00DDB3A8 /* Frameworks */,
				7DD0BA751A5C867C00DDB3A8 /* Resources */,
			);
			buildRules = (
			);
			dependencies = (
				7DD0BA791A5C867C00DDB3A8 /* PBXTargetDependency */,
			);
			name = WYDTests;
			productName = WYDTests;
			productReference = 7DD0BA771A5C867C00DDB3A8 /* WYDTests.xctest */;
			productType = "com.apple.product-type.bundle.unit-test";
		};
/* End PBXNativeTarget section */

/* Begin PBXProject section */
		7DD0BA5A1A5C867C00DDB3A8 /* Project object */ = {
			isa = PBXProject;
			attributes = {
				LastUpgradeCheck = 0610;
				ORGANIZATIONNAME = WYD;
				TargetAttributes = {
					7DD0BA611A5C867C00DDB3A8 = {
						CreatedOnToolsVersion = 6.1.1;
					};
					7DD0BA761A5C867C00DDB3A8 = {
						CreatedOnToolsVersion = 6.1.1;
						TestTargetID = 7DD0BA611A5C867C00DDB3A8;
					};
				};
			};
			buildConfigurationList = 7DD0BA5D1A5C867C00DDB3A8 /* Build configuration list for PBXProject "WYD" */;
			compatibilityVersion = "Xcode 3.2";
			developmentRegion = English;
			hasScannedForEncodings = 0;
			knownRegions = (
				en,
				Base,
			);
			mainGroup = 7DD0BA591A5C867C00DDB3A8;
			productRefGroup = 7DD0BA631A5C867C00DDB3A8 /* Products */;
			projectDirPath = "";
			projectRoot = "";
			targets = (
				7DD0BA611A5C867C00DDB3A8 /* WYD */,
				7DD0BA761A5C867C00DDB3A8 /* WYDTests */,
			);
		};
/* End PBXProject section */

/* Begin PBXResourcesBuildPhase section */
		7DD0BA601A5C867C00DDB3A8 /* Resources */ = {
			isa = PBXResourcesBuildPhase;
			buildActionMask = 2147483647;
			files = (
				7DD0BA6D1A5C867C00DDB3A8 /* Main.storyboard in Resources */,
				7DD0BA721A5C867C00DDB3A8 /* LaunchScreen.xib in Resources */,
				7DBDB4CF1A5F4CB70040DFE0 /* AvatarCell.xib in Resources */,
				7DD0BA6F1A5C867C00DDB3A8 /* Images.xcassets in Resources */,
			);
			runOnlyForDeploymentPostprocessing = 0;
		};
		7DD0BA751A5C867C00DDB3A8 /* Resources */ = {
			isa = PBXResourcesBuildPhase;
			buildActionMask = 2147483647;
			files = (
			);
			runOnlyForDeploymentPostprocessing = 0;
		};
/* End PBXResourcesBuildPhase section */

/* Begin PBXSourcesBuildPhase section */
		7DD0BA5E1A5C867C00DDB3A8 /* Sources */ = {
			isa = PBXSourcesBuildPhase;
			buildActionMask = 2147483647;
			files = (
				7D0D51AD1A5F4848008FD65F /* ENSideMenuNavigationController.swift in Sources */,
				7DD0BA6A1A5C867C00DDB3A8 /* RootViewController.swift in Sources */,
				7DD0BA681A5C867C00DDB3A8 /* AppDelegate.swift in Sources */,
				7D0D51AC1A5F4848008FD65F /* ENSideMenu.swift in Sources */,
				7DBDB4D11A5F4D7B0040DFE0 /* MyNavigationController.swift in Sources */,
				7DBDB4CE1A5F4CB70040DFE0 /* AvatarCell.swift in Sources */,
				7D0D51A01A5E0FA0008FD65F /* ProfileConsoleViewController.swift in Sources */,
				7D334D4F1A605FD8006F10AE /* MainViewController.swift in Sources */,
			);
			runOnlyForDeploymentPostprocessing = 0;
		};
		7DD0BA731A5C867C00DDB3A8 /* Sources */ = {
			isa = PBXSourcesBuildPhase;
			buildActionMask = 2147483647;
			files = (
				7DD0BA7E1A5C867C00DDB3A8 /* WYDTests.swift in Sources */,
			);
			runOnlyForDeploymentPostprocessing = 0;
		};
/* End PBXSourcesBuildPhase section */

/* Begin PBXTargetDependency section */
		7DD0BA791A5C867C00DDB3A8 /* PBXTargetDependency */ = {
			isa = PBXTargetDependency;
			target = 7DD0BA611A5C867C00DDB3A8 /* WYD */;
			targetProxy = 7DD0BA781A5C867C00DDB3A8 /* PBXContainerItemProxy */;
		};
/* End PBXTargetDependency section */

/* Begin PBXVariantGroup section */
		7DD0BA6B1A5C867C00DDB3A8 /* Main.storyboard */ = {
			isa = PBXVariantGroup;
			children = (
				7DD0BA6C1A5C867C00DDB3A8 /* Base */,
			);
			name = Main.storyboard;
			sourceTree = "<group>";
		};
		7DD0BA701A5C867C00DDB3A8 /* LaunchScreen.xib */ = {
			isa = PBXVariantGroup;
			children = (
				7DD0BA711A5C867C00DDB3A8 /* Base */,
			);
			name = LaunchScreen.xib;
			sourceTree = "<group>";
		};
/* End PBXVariantGroup section */

/* Begin XCBuildConfiguration section */
		7DD0BA7F1A5C867C00DDB3A8 /* Debug */ = {
			isa = XCBuildConfiguration;
			buildSettings = {
				ALWAYS_SEARCH_USER_PATHS = NO;
				CLANG_CXX_LANGUAGE_STANDARD = "gnu++0x";
				CLANG_CXX_LIBRARY = "libc++";
				CLANG_ENABLE_MODULES = YES;
				CLANG_ENABLE_OBJC_ARC = YES;
				CLANG_WARN_BOOL_CONVERSION = YES;
				CLANG_WARN_CONSTANT_CONVERSION = YES;
				CLANG_WARN_DIRECT_OBJC_ISA_USAGE = YES_ERROR;
				CLANG_WARN_EMPTY_BODY = YES;
				CLANG_WARN_ENUM_CONVERSION = YES;
				CLANG_WARN_INT_CONVERSION = YES;
				CLANG_WARN_OBJC_ROOT_CLASS = YES_ERROR;
				CLANG_WARN_UNREACHABLE_CODE = YES;
				CLANG_WARN__DUPLICATE_METHOD_MATCH = YES;
				"CODE_SIGN_IDENTITY[sdk=iphoneos*]" = "iPhone Developer";
				COPY_PHASE_STRIP = NO;
				ENABLE_STRICT_OBJC_MSGSEND = YES;
				GCC_C_LANGUAGE_STANDARD = gnu99;
				GCC_DYNAMIC_NO_PIC = NO;
				GCC_OPTIMIZATION_LEVEL = 0;
				GCC_PREPROCESSOR_DEFINITIONS = (
					"DEBUG=1",
					"$(inherited)",
				);
				GCC_SYMBOLS_PRIVATE_EXTERN = NO;
				GCC_WARN_64_TO_32_BIT_CONVERSION = YES;
				GCC_WARN_ABOUT_RETURN_TYPE = YES_ERROR;
				GCC_WARN_UNDECLARED_SELECTOR = YES;
				GCC_WARN_UNINITIALIZED_AUTOS = YES_AGGRESSIVE;
				GCC_WARN_UNUSED_FUNCTION = YES;
				GCC_WARN_UNUSED_VARIABLE = YES;
				IPHONEOS_DEPLOYMENT_TARGET = 8.1;
				MTL_ENABLE_DEBUG_INFO = YES;
				ONLY_ACTIVE_ARCH = YES;
				SDKROOT = iphoneos;
				SWIFT_OPTIMIZATION_LEVEL = "-Onone";
			};
			name = Debug;
		};
		7DD0BA801A5C867C00DDB3A8 /* Release */ = {
			isa = XCBuildConfiguration;
			buildSettings = {
				ALWAYS_SEARCH_USER_PATHS = NO;
				CLANG_CXX_LANGUAGE_STANDARD = "gnu++0x";
				CLANG_CXX_LIBRARY = "libc++";
				CLANG_ENABLE_MODULES = YES;
				CLANG_ENABLE_OBJC_ARC = YES;
				CLANG_WARN_BOOL_CONVERSION = YES;
				CLANG_WARN_CONSTANT_CONVERSION = YES;
				CLANG_WARN_DIRECT_OBJC_ISA_USAGE = YES_ERROR;
				CLANG_WARN_EMPTY_BODY = YES;
				CLANG_WARN_ENUM_CONVERSION = YES;
				CLANG_WARN_INT_CONVERSION = YES;
				CLANG_WARN_OBJC_ROOT_CLASS = YES_ERROR;
				CLANG_WARN_UNREACHABLE_CODE = YES;
				CLANG_WARN__DUPLICATE_METHOD_MATCH = YES;
				"CODE_SIGN_IDENTITY[sdk=iphoneos*]" = "iPhone Developer";
				COPY_PHASE_STRIP = YES;
				ENABLE_NS_ASSERTIONS = NO;
				ENABLE_STRICT_OBJC_MSGSEND = YES;
				GCC_C_LANGUAGE_STANDARD = gnu99;
				GCC_WARN_64_TO_32_BIT_CONVERSION = YES;
				GCC_WARN_ABOUT_RETURN_TYPE = YES_ERROR;
				GCC_WARN_UNDECLARED_SELECTOR = YES;
				GCC_WARN_UNINITIALIZED_AUTOS = YES_AGGRESSIVE;
				GCC_WARN_UNUSED_FUNCTION = YES;
				GCC_WARN_UNUSED_VARIABLE = YES;
				IPHONEOS_DEPLOYMENT_TARGET = 8.1;
				MTL_ENABLE_DEBUG_INFO = NO;
				SDKROOT = iphoneos;
				VALIDATE_PRODUCT = YES;
			};
			name = Release;
		};
		7DD0BA821A5C867C00DDB3A8 /* Debug */ = {
			isa = XCBuildConfiguration;
			buildSettings = {
				ASSETCATALOG_COMPILER_APPICON_NAME = AppIcon;
				CLANG_ENABLE_MODULES = YES;
				FRAMEWORK_SEARCH_PATHS = (
					"$(inherited)",
					"/Users/fanye/Downloads/parse-library-1.6.1",
				);
				INFOPLIST_FILE = WYD/Info.plist;
				LD_RUNPATH_SEARCH_PATHS = "$(inherited) @executable_path/Frameworks";
				PRODUCT_NAME = "$(TARGET_NAME)";
				SWIFT_OBJC_BRIDGING_HEADER = "WYD/WYD-Bridging-Header.h";
				SWIFT_OPTIMIZATION_LEVEL = "-Onone";
			};
			name = Debug;
		};
		7DD0BA831A5C867C00DDB3A8 /* Release */ = {
			isa = XCBuildConfiguration;
			buildSettings = {
				ASSETCATALOG_COMPILER_APPICON_NAME = AppIcon;
				CLANG_ENABLE_MODULES = YES;
				FRAMEWORK_SEARCH_PATHS = (
					"$(inherited)",
					"/Users/fanye/Downloads/parse-library-1.6.1",
				);
				INFOPLIST_FILE = WYD/Info.plist;
				LD_RUNPATH_SEARCH_PATHS = "$(inherited) @executable_path/Frameworks";
				PRODUCT_NAME = "$(TARGET_NAME)";
				SWIFT_OBJC_BRIDGING_HEADER = "WYD/WYD-Bridging-Header.h";
			};
			name = Release;
		};
		7DD0BA851A5C867C00DDB3A8 /* Debug */ = {
			isa = XCBuildConfiguration;
			buildSettings = {
				BUNDLE_LOADER = "$(TEST_HOST)";
				FRAMEWORK_SEARCH_PATHS = (
					"$(SDKROOT)/Developer/Library/Frameworks",
					"$(inherited)",
				);
				GCC_PREPROCESSOR_DEFINITIONS = (
					"DEBUG=1",
					"$(inherited)",
				);
				INFOPLIST_FILE = WYDTests/Info.plist;
				LD_RUNPATH_SEARCH_PATHS = "$(inherited) @executable_path/Frameworks @loader_path/Frameworks";
				PRODUCT_NAME = "$(TARGET_NAME)";
				TEST_HOST = "$(BUILT_PRODUCTS_DIR)/WYD.app/WYD";
			};
			name = Debug;
		};
		7DD0BA861A5C867C00DDB3A8 /* Release */ = {
			isa = XCBuildConfiguration;
			buildSettings = {
				BUNDLE_LOADER = "$(TEST_HOST)";
				FRAMEWORK_SEARCH_PATHS = (
					"$(SDKROOT)/Developer/Library/Frameworks",
					"$(inherited)",
				);
				INFOPLIST_FILE = WYDTests/Info.plist;
				LD_RUNPATH_SEARCH_PATHS = "$(inherited) @executable_path/Frameworks @loader_path/Frameworks";
				PRODUCT_NAME = "$(TARGET_NAME)";
				TEST_HOST = "$(BUILT_PRODUCTS_DIR)/WYD.app/WYD";
			};
			name = Release;
		};
/* End XCBuildConfiguration section */

/* Begin XCConfigurationList section */
		7DD0BA5D1A5C867C00DDB3A8 /* Build configuration list for PBXProject "WYD" */ = {
			isa = XCConfigurationList;
			buildConfigurations = (
				7DD0BA7F1A5C867C00DDB3A8 /* Debug */,
				7DD0BA801A5C867C00DDB3A8 /* Release */,
			);
			defaultConfigurationIsVisible = 0;
			defaultConfigurationName = Release;
		};
		7DD0BA811A5C867C00DDB3A8 /* Build configuration list for PBXNativeTarget "WYD" */ = {
			isa = XCConfigurationList;
			buildConfigurations = (
				7DD0BA821A5C867C00DDB3A8 /* Debug */,
				7DD0BA831A5C867C00DDB3A8 /* Release */,
			);
			defaultConfigurationIsVisible = 0;
			defaultConfigurationName = Release;
		};
		7DD0BA841A5C867C00DDB3A8 /* Build configuration list for PBXNativeTarget "WYDTests" */ = {
			isa = XCConfigurationList;
			buildConfigurations = (
				7DD0BA851A5C867C00DDB3A8 /* Debug */,
				7DD0BA861A5C867C00DDB3A8 /* Release */,
			);
			defaultConfigurationIsVisible = 0;
			defaultConfigurationName = Release;
		};
/* End XCConfigurationList section */
	};
	rootObject = 7DD0BA5A1A5C867C00DDB3A8 /* Project object */;
}
